
Microsoft Visual Studio Solution File, Format Version 12.00
# Visual Studio Version 17
VisualStudioVersion = 17.8.34330.188
MinimumVisualStudioVersion = 10.0.40219.1
Project("{9A19103F-16F7-4668-BE54-9A1E7A4F7556}") = "EQX.Core.ConsoleApp", "EQX.Core.ConsoleApp\EQX.Core.ConsoleApp.csproj", "{C3DFA353-5E63-4B5D-BB53-FA61CB2E6A2F}"
EndProject
Project("{D954291E-2A0B-460D-934E-DC6B0785DB48}") = "EQX.Core", "EQX.Core\EQX.Core.shproj", "{CE53ECC2-DDD1-432D-B639-14BBD9D81A15}"
EndProject
Global
	GlobalSection(SolutionConfigurationPlatforms) = preSolution
		Debug|Any CPU = Debug|Any CPU
		Release|Any CPU = Release|Any CPU
	EndGlobalSection
	GlobalSection(ProjectConfigurationPlatforms) = postSolution
		{C3DFA353-5E63-4B5D-BB53-FA61CB2E6A2F}.Debug|Any CPU.ActiveCfg = Debug|Any CPU
		{C3DFA353-5E63-4B5D-BB53-FA61CB2E6A2F}.Debug|Any CPU.Build.0 = Debug|Any CPU
		{C3DFA353-5E63-4B5D-BB53-FA61CB2E6A2F}.Release|Any CPU.ActiveCfg = Release|Any CPU
		{C3DFA353-5E63-4B5D-BB53-FA61CB2E6A2F}.Release|Any CPU.Build.0 = Release|Any CPU
	EndGlobalSection
	GlobalSection(SolutionProperties) = preSolution
		HideSolutionNode = FALSE
	EndGlobalSection
	GlobalSection(ExtensibilityGlobals) = postSolution
		SolutionGuid = {A853F765-DA69-4C20-9337-EE151A95F1DE}
	EndGlobalSection
	GlobalSection(SharedMSBuildProjectFiles) = preSolution
		EQX.Core\EQX.CoreShared.projitems*{c3dfa353-5e63-4b5d-bb53-fa61cb2e6a2f}*SharedItemsImports = 5
		EQX.Core\EQX.CoreShared.projitems*{ce53ecc2-ddd1-432d-b639-14bbd9d81a15}*SharedItemsImports = 13
	EndGlobalSection
EndGlobal
